// !$*UTF8*$!
{
	archiveVersion = 1;
	classes = {
	};
	objectVersion = 51;
	objects = {

/* Begin PBXBuildFile section */
		2491B98EF395512ED5CACACA /* Pods_Filmes_MVVM.framework in Frameworks */ = {isa = PBXBuildFile; fileRef = 1888293958F341449BDE2B70 /* Pods_Filmes_MVVM.framework */; };
		FC68AFC925B4E54B00DA3F40 /* AppDelegate.swift in Sources */ = {isa = PBXBuildFile; fileRef = FC68AFC825B4E54B00DA3F40 /* AppDelegate.swift */; };
		FC68AFCB25B4E54B00DA3F40 /* SceneDelegate.swift in Sources */ = {isa = PBXBuildFile; fileRef = FC68AFCA25B4E54B00DA3F40 /* SceneDelegate.swift */; };
		FC68AFCD25B4E54B00DA3F40 /* ViewController.swift in Sources */ = {isa = PBXBuildFile; fileRef = FC68AFCC25B4E54B00DA3F40 /* ViewController.swift */; };
		FC68AFD025B4E54B00DA3F40 /* Main.storyboard in Resources */ = {isa = PBXBuildFile; fileRef = FC68AFCE25B4E54B00DA3F40 /* Main.storyboard */; };
		FC68AFD225B4E55000DA3F40 /* Assets.xcassets in Resources */ = {isa = PBXBuildFile; fileRef = FC68AFD125B4E55000DA3F40 /* Assets.xcassets */; };
		FC68AFD525B4E55000DA3F40 /* LaunchScreen.storyboard in Resources */ = {isa = PBXBuildFile; fileRef = FC68AFD325B4E55000DA3F40 /* LaunchScreen.storyboard */; };
		FC68AFE325B4E64F00DA3F40 /* Filme.swift in Sources */ = {isa = PBXBuildFile; fileRef = FC68AFE225B4E64F00DA3F40 /* Filme.swift */; };
		FC68AFE625B4E65A00DA3F40 /* Filmes.swift in Sources */ = {isa = PBXBuildFile; fileRef = FC68AFE525B4E65A00DA3F40 /* Filmes.swift */; };
		FC68AFEA25B4E6A500DA3F40 /* DataViewModel.swift in Sources */ = {isa = PBXBuildFile; fileRef = FC68AFE925B4E6A500DA3F40 /* DataViewModel.swift */; };
		FC68AFEF25B4E75000DA3F40 /* FilmesAPI.swift in Sources */ = {isa = PBXBuildFile; fileRef = FC68AFEE25B4E75000DA3F40 /* FilmesAPI.swift */; };
		FC68AFF425B4E89C00DA3F40 /* CustomizacaoTableViewCell.swift in Sources */ = {isa = PBXBuildFile; fileRef = FC68AFF325B4E89C00DA3F40 /* CustomizacaoTableViewCell.swift */; };
		FC68AFFD25B4E9DA00DA3F40 /* ExtensionsViewController.swift in Sources */ = {isa = PBXBuildFile; fileRef = FC68AFFC25B4E9DA00DA3F40 /* ExtensionsViewController.swift */; };
/* End PBXBuildFile section */

/* Begin PBXFileReference section */
		1083590D3C652D6BC47FA38B /* Pods-Filmes-MVVM.release.xcconfig */ = {isa = PBXFileReference; includeInIndex = 1; lastKnownFileType = text.xcconfig; name = "Pods-Filmes-MVVM.release.xcconfig"; path = "Target Support Files/Pods-Filmes-MVVM/Pods-Filmes-MVVM.release.xcconfig"; sourceTree = "<group>"; };
		1888293958F341449BDE2B70 /* Pods_Filmes_MVVM.framework */ = {isa = PBXFileReference; explicitFileType = wrapper.framework; includeInIndex = 0; path = Pods_Filmes_MVVM.framework; sourceTree = BUILT_PRODUCTS_DIR; };
		D91D558CEDD90E3B7D819353 /* Pods-Filmes-MVVM.debug.xcconfig */ = {isa = PBXFileReference; includeInIndex = 1; lastKnownFileType = text.xcconfig; name = "Pods-Filmes-MVVM.debug.xcconfig"; path = "Target Support Files/Pods-Filmes-MVVM/Pods-Filmes-MVVM.debug.xcconfig"; sourceTree = "<group>"; };
		FC68AFC525B4E54B00DA3F40 /* Filmes-MVVM.app */ = {isa = PBXFileReference; explicitFileType = wrapper.application; includeInIndex = 0; path = "Filmes-MVVM.app"; sourceTree = BUILT_PRODUCTS_DIR; };
		FC68AFC825B4E54B00DA3F40 /* AppDelegate.swift */ = {isa = PBXFileReference; lastKnownFileType = sourcecode.swift; path = AppDelegate.swift; sourceTree = "<group>"; };
		FC68AFCA25B4E54B00DA3F40 /* SceneDelegate.swift */ = {isa = PBXFileReference; lastKnownFileType = sourcecode.swift; path = SceneDelegate.swift; sourceTree = "<group>"; };
		FC68AFCC25B4E54B00DA3F40 /* ViewController.swift */ = {isa = PBXFileReference; lastKnownFileType = sourcecode.swift; path = ViewController.swift; sourceTree = "<group>"; };
		FC68AFCF25B4E54B00DA3F40 /* Base */ = {isa = PBXFileReference; lastKnownFileType = file.storyboard; name = Base; path = Base.lproj/Main.storyboard; sourceTree = "<group>"; };
		FC68AFD125B4E55000DA3F40 /* Assets.xcassets */ = {isa = PBXFileReference; lastKnownFileType = folder.assetcatalog; path = Assets.xcassets; sourceTree = "<group>"; };
		FC68AFD425B4E55000DA3F40 /* Base */ = {isa = PBXFileReference; lastKnownFileType = file.storyboard; name = Base; path = Base.lproj/LaunchScreen.storyboard; sourceTree = "<group>"; };
		FC68AFD625B4E55000DA3F40 /* Info.plist */ = {isa = PBXFileReference; lastKnownFileType = text.plist.xml; path = Info.plist; sourceTree = "<group>"; };
		FC68AFE225B4E64F00DA3F40 /* Filme.swift */ = {isa = PBXFileReference; lastKnownFileType = sourcecode.swift; path = Filme.swift; sourceTree = "<group>"; };
		FC68AFE525B4E65A00DA3F40 /* Filmes.swift */ = {isa = PBXFileReference; lastKnownFileType = sourcecode.swift; path = Filmes.swift; sourceTree = "<group>"; };
		FC68AFE925B4E6A500DA3F40 /* DataViewModel.swift */ = {isa = PBXFileReference; lastKnownFileType = sourcecode.swift; path = DataViewModel.swift; sourceTree = "<group>"; };
		FC68AFEE25B4E75000DA3F40 /* FilmesAPI.swift */ = {isa = PBXFileReference; lastKnownFileType = sourcecode.swift; path = FilmesAPI.swift; sourceTree = "<group>"; };
		FC68AFF325B4E89C00DA3F40 /* CustomizacaoTableViewCell.swift */ = {isa = PBXFileReference; lastKnownFileType = sourcecode.swift; path = CustomizacaoTableViewCell.swift; sourceTree = "<group>"; };
		FC68AFFC25B4E9DA00DA3F40 /* ExtensionsViewController.swift */ = {isa = PBXFileReference; lastKnownFileType = sourcecode.swift; path = ExtensionsViewController.swift; sourceTree = "<group>"; };
/* End PBXFileReference section */

/* Begin PBXFrameworksBuildPhase section */
		FC68AFC225B4E54B00DA3F40 /* Frameworks */ = {
			isa = PBXFrameworksBuildPhase;
			buildActionMask = 2147483647;
			files = (
				2491B98EF395512ED5CACACA /* Pods_Filmes_MVVM.framework in Frameworks */,
			);
			runOnlyForDeploymentPostprocessing = 0;
		};
/* End PBXFrameworksBuildPhase section */

/* Begin PBXGroup section */
		450A6B09F309CA40A383B7E5 /* Frameworks */ = {
			isa = PBXGroup;
			children = (
				1888293958F341449BDE2B70 /* Pods_Filmes_MVVM.framework */,
			);
			name = Frameworks;
			sourceTree = "<group>";
		};
		B7F3C81224D77DF4757F7014 /* Pods */ = {
			isa = PBXGroup;
			children = (
				D91D558CEDD90E3B7D819353 /* Pods-Filmes-MVVM.debug.xcconfig */,
				1083590D3C652D6BC47FA38B /* Pods-Filmes-MVVM.release.xcconfig */,
			);
			path = Pods;
			sourceTree = "<group>";
		};
		FC68AFBC25B4E54B00DA3F40 = {
			isa = PBXGroup;
			children = (
				FC68AFC725B4E54B00DA3F40 /* Filmes-MVVM */,
				FC68AFC625B4E54B00DA3F40 /* Products */,
				B7F3C81224D77DF4757F7014 /* Pods */,
				450A6B09F309CA40A383B7E5 /* Frameworks */,
			);
			sourceTree = "<group>";
		};
		FC68AFC625B4E54B00DA3F40 /* Products */ = {
			isa = PBXGroup;
			children = (
				FC68AFC525B4E54B00DA3F40 /* Filmes-MVVM.app */,
			);
			name = Products;
			sourceTree = "<group>";
		};
		FC68AFC725B4E54B00DA3F40 /* Filmes-MVVM */ = {
			isa = PBXGroup;
			children = (
				FC68AFDD25B4E59600DA3F40 /* Application */,
				FC68AFF225B4E84000DA3F40 /* Views */,
				FC68AFE825B4E69500DA3F40 /* ViewModels */,
				FC68AFE125B4E64300DA3F40 /* Models */,
				FC68AFED25B4E73F00DA3F40 /* Service */,
				FC68AFFB25B4E9B800DA3F40 /* Extension */,
				FC68AFD125B4E55000DA3F40 /* Assets.xcassets */,
			);
			path = "Filmes-MVVM";
			sourceTree = "<group>";
		};
		FC68AFDD25B4E59600DA3F40 /* Application */ = {
			isa = PBXGroup;
			children = (
				FC68AFC825B4E54B00DA3F40 /* AppDelegate.swift */,
				FC68AFCA25B4E54B00DA3F40 /* SceneDelegate.swift */,
				FC68AFCE25B4E54B00DA3F40 /* Main.storyboard */,
				FC68AFD325B4E55000DA3F40 /* LaunchScreen.storyboard */,
				FC68AFD625B4E55000DA3F40 /* Info.plist */,
			);
			path = Application;
			sourceTree = "<group>";
		};
		FC68AFE125B4E64300DA3F40 /* Models */ = {
			isa = PBXGroup;
			children = (
				FC68AFE225B4E64F00DA3F40 /* Filme.swift */,
				FC68AFE525B4E65A00DA3F40 /* Filmes.swift */,
			);
			path = Models;
			sourceTree = "<group>";
		};
		FC68AFE825B4E69500DA3F40 /* ViewModels */ = {
			isa = PBXGroup;
			children = (
				FC68AFE925B4E6A500DA3F40 /* DataViewModel.swift */,
			);
			path = ViewModels;
			sourceTree = "<group>";
		};
		FC68AFED25B4E73F00DA3F40 /* Service */ = {
			isa = PBXGroup;
			children = (
				FC68AFEE25B4E75000DA3F40 /* FilmesAPI.swift */,
			);
			path = Service;
			sourceTree = "<group>";
		};
		FC68AFF225B4E84000DA3F40 /* Views */ = {
			isa = PBXGroup;
			children = (
				FC68AFCC25B4E54B00DA3F40 /* ViewController.swift */,
				FC68AFF325B4E89C00DA3F40 /* CustomizacaoTableViewCell.swift */,
			);
			path = Views;
			sourceTree = "<group>";
		};
		FC68AFFB25B4E9B800DA3F40 /* Extension */ = {
			isa = PBXGroup;
			children = (
				FC68AFFC25B4E9DA00DA3F40 /* ExtensionsViewController.swift */,
			);
			path = Extension;
			sourceTree = "<group>";
		};
/* End PBXGroup section */

/* Begin PBXNativeTarget section */
		FC68AFC425B4E54B00DA3F40 /* Filmes-MVVM */ = {
			isa = PBXNativeTarget;
			buildConfigurationList = FC68AFD925B4E55000DA3F40 /* Build configuration list for PBXNativeTarget "Filmes-MVVM" */;
			buildPhases = (
				D8A4E14778E8DEE69690C315 /* [CP] Check Pods Manifest.lock */,
				FC68AFC125B4E54B00DA3F40 /* Sources */,
				FC68AFC225B4E54B00DA3F40 /* Frameworks */,
				FC68AFC325B4E54B00DA3F40 /* Resources */,
				4FA352C78A5B1280E518119D /* [CP] Embed Pods Frameworks */,
			);
			buildRules = (
			);
			dependencies = (
			);
			name = "Filmes-MVVM";
			productName = "Filmes-MVVM";
			productReference = FC68AFC525B4E54B00DA3F40 /* Filmes-MVVM.app */;
			productType = "com.apple.product-type.application";
		};
/* End PBXNativeTarget section */

/* Begin PBXProject section */
		FC68AFBD25B4E54B00DA3F40 /* Project object */ = {
			isa = PBXProject;
			attributes = {
				LastSwiftUpdateCheck = 1230;
				LastUpgradeCheck = 1230;
				TargetAttributes = {
					FC68AFC425B4E54B00DA3F40 = {
						CreatedOnToolsVersion = 12.3;
					};
				};
			};
			buildConfigurationList = FC68AFC025B4E54B00DA3F40 /* Build configuration list for PBXProject "Filmes-MVVM" */;
			compatibilityVersion = "Xcode 9.3";
			developmentRegion = en;
			hasScannedForEncodings = 0;
			knownRegions = (
				en,
				Base,
			);
			mainGroup = FC68AFBC25B4E54B00DA3F40;
			productRefGroup = FC68AFC625B4E54B00DA3F40 /* Products */;
			projectDirPath = "";
			projectRoot = "";
			targets = (
				FC68AFC425B4E54B00DA3F40 /* Filmes-MVVM */,
			);
		};
/* End PBXProject section */

/* Begin PBXResourcesBuildPhase section */
		FC68AFC325B4E54B00DA3F40 /* Resources */ = {
			isa = PBXResourcesBuildPhase;
			buildActionMask = 2147483647;
			files = (
				FC68AFD525B4E55000DA3F40 /* LaunchScreen.storyboard in Resources */,
				FC68AFD225B4E55000DA3F40 /* Assets.xcassets in Resources */,
				FC68AFD025B4E54B00DA3F40 /* Main.storyboard in Resources */,
			);
			runOnlyForDeploymentPostprocessing = 0;
		};
/* End PBXResourcesBuildPhase section */

/* Begin PBXShellScriptBuildPhase section */
		4FA352C78A5B1280E518119D /* [CP] Embed Pods Frameworks */ = {
			isa = PBXShellScriptBuildPhase;
			buildActionMask = 2147483647;
			files = (
			);
			inputFileListPaths = (
				"${PODS_ROOT}/Target Support Files/Pods-Filmes-MVVM/Pods-Filmes-MVVM-frameworks-${CONFIGURATION}-input-files.xcfilelist",
			);
			name = "[CP] Embed Pods Frameworks";
			outputFileListPaths = (
				"${PODS_ROOT}/Target Support Files/Pods-Filmes-MVVM/Pods-Filmes-MVVM-frameworks-${CONFIGURATION}-output-files.xcfilelist",
			);
			runOnlyForDeploymentPostprocessing = 0;
			shellPath = /bin/sh;
			shellScript = "\"${PODS_ROOT}/Target Support Files/Pods-Filmes-MVVM/Pods-Filmes-MVVM-frameworks.sh\"\n";
			showEnvVarsInLog = 0;
		};
		D8A4E14778E8DEE69690C315 /* [CP] Check Pods Manifest.lock */ = {
			isa = PBXShellScriptBuildPhase;
			buildActionMask = 2147483647;
			files = (
			);
			inputFileListPaths = (
			);
			inputPaths = (
				"${PODS_PODFILE_DIR_PATH}/Podfile.lock",
				"${PODS_ROOT}/Manifest.lock",
			);
			name = "[CP] Check Pods Manifest.lock";
			outputFileListPaths = (
			);
			outputPaths = (
				"$(DERIVED_FILE_DIR)/Pods-Filmes-MVVM-checkManifestLockResult.txt",
			);
			runOnlyForDeploymentPostprocessing = 0;
			shellPath = /bin/sh;
			shellScript = "diff \"${PODS_PODFILE_DIR_PATH}/Podfile.lock\" \"${PODS_ROOT}/Manifest.lock\" > /dev/null\nif [ $? != 0 ] ; then\n    # print error to STDERR\n    echo \"error: The sandbox is not in sync with the Podfile.lock. Run 'pod install' or update your CocoaPods installation.\" >&2\n    exit 1\nfi\n# This output is used by Xcode 'outputs' to avoid re-running this script phase.\necho \"SUCCESS\" > \"${SCRIPT_OUTPUT_FILE_0}\"\n";
			showEnvVarsInLog = 0;
		};
/* End PBXShellScriptBuildPhase section */

/* Begin PBXSourcesBuildPhase section */
		FC68AFC125B4E54B00DA3F40 /* Sources */ = {
			isa = PBXSourcesBuildPhase;
			buildActionMask = 2147483647;
			files = (
				FC68AFCD25B4E54B00DA3F40 /* ViewController.swift in Sources */,
				FC68AFC925B4E54B00DA3F40 /* AppDelegate.swift in Sources */,
				FC68AFEA25B4E6A500DA3F40 /* DataViewModel.swift in Sources */,
				FC68AFCB25B4E54B00DA3F40 /* SceneDelegate.swift in Sources */,
				FC68AFFD25B4E9DA00DA3F40 /* ExtensionsViewController.swift in Sources */,
				FC68AFEF25B4E75000DA3F40 /* FilmesAPI.swift in Sources */,
				FC68AFE325B4E64F00DA3F40 /* Filme.swift in Sources */,
				FC68AFE625B4E65A00DA3F40 /* Filmes.swift in Sources */,
				FC68AFF425B4E89C00DA3F40 /* CustomizacaoTableViewCell.swift in Sources */,
			);
			runOnlyForDeploymentPostprocessing = 0;
		};
/* End PBXSourcesBuildPhase section */

/* Begin PBXVariantGroup section */
		FC68AFCE25B4E54B00DA3F40 /* Main.storyboard */ = {
			isa = PBXVariantGroup;
			children = (
				FC68AFCF25B4E54B00DA3F40 /* Base */,
			);
			name = Main.storyboard;
			sourceTree = "<group>";
		};
		FC68AFD325B4E55000DA3F40 /* LaunchScreen.storyboard */ = {
			isa = PBXVariantGroup;
			children = (
				FC68AFD425B4E55000DA3F40 /* Base */,
			);
			name = LaunchScreen.storyboard;
			sourceTree = "<group>";
		};
/* End PBXVariantGroup section */

/* Begin XCBuildConfiguration section */
		FC68AFD725B4E55000DA3F40 /* Debug */ = {
			isa = XCBuildConfiguration;
			buildSettings = {
				ALWAYS_SEARCH_USER_PATHS = NO;
				CLANG_ANALYZER_NONNULL = YES;
				CLANG_ANALYZER_NUMBER_OBJECT_CONVERSION = YES_AGGRESSIVE;
				CLANG_CXX_LANGUAGE_STANDARD = "gnu++14";
				CLANG_CXX_LIBRARY = "libc++";
				CLANG_ENABLE_MODULES = YES;
				CLANG_ENABLE_OBJC_ARC = YES;
				CLANG_ENABLE_OBJC_WEAK = YES;
				CLANG_WARN_BLOCK_CAPTURE_AUTORELEASING = YES;
				CLANG_WARN_BOOL_CONVERSION = YES;
				CLANG_WARN_COMMA = YES;
				CLANG_WARN_CONSTANT_CONVERSION = YES;
				CLANG_WARN_DEPRECATED_OBJC_IMPLEMENTATIONS = YES;
				CLANG_WARN_DIRECT_OBJC_ISA_USAGE = YES_ERROR;
				CLANG_WARN_DOCUMENTATION_COMMENTS = YES;
				CLANG_WARN_EMPTY_BODY = YES;
				CLANG_WARN_ENUM_CONVERSION = YES;
				CLANG_WARN_INFINITE_RECURSION = YES;
				CLANG_WARN_INT_CONVERSION = YES;
				CLANG_WARN_NON_LITERAL_NULL_CONVERSION = YES;
				CLANG_WARN_OBJC_IMPLICIT_RETAIN_SELF = YES;
				CLANG_WARN_OBJC_LITERAL_CONVERSION = YES;
				CLANG_WARN_OBJC_ROOT_CLASS = YES_ERROR;
				CLANG_WARN_QUOTED_INCLUDE_IN_FRAMEWORK_HEADER = YES;
				CLANG_WARN_RANGE_LOOP_ANALYSIS = YES;
				CLANG_WARN_STRICT_PROTOTYPES = YES;
				CLANG_WARN_SUSPICIOUS_MOVE = YES;
				CLANG_WARN_UNGUARDED_AVAILABILITY = YES_AGGRESSIVE;
				CLANG_WARN_UNREACHABLE_CODE = YES;
				CLANG_WARN__DUPLICATE_METHOD_MATCH = YES;
				COPY_PHASE_STRIP = NO;
				DEBUG_INFORMATION_FORMAT = dwarf;
				ENABLE_STRICT_OBJC_MSGSEND = YES;
				ENABLE_TESTABILITY = YES;
				GCC_C_LANGUAGE_STANDARD = gnu11;
				GCC_DYNAMIC_NO_PIC = NO;
				GCC_NO_COMMON_BLOCKS = YES;
				GCC_OPTIMIZATION_LEVEL = 0;
				GCC_PREPROCESSOR_DEFINITIONS = (
					"DEBUG=1",
					"$(inherited)",
				);
				GCC_WARN_64_TO_32_BIT_CONVERSION = YES;
				GCC_WARN_ABOUT_RETURN_TYPE = YES_ERROR;
				GCC_WARN_UNDECLARED_SELECTOR = YES;
				GCC_WARN_UNINITIALIZED_AUTOS = YES_AGGRESSIVE;
				GCC_WARN_UNUSED_FUNCTION = YES;
				GCC_WARN_UNUSED_VARIABLE = YES;
				IPHONEOS_DEPLOYMENT_TARGET = 14.3;
				MTL_ENABLE_DEBUG_INFO = INCLUDE_SOURCE;
				MTL_FAST_MATH = YES;
				ONLY_ACTIVE_ARCH = YES;
				SDKROOT = iphoneos;
				SWIFT_ACTIVE_COMPILATION_CONDITIONS = DEBUG;
				SWIFT_OPTIMIZATION_LEVEL = "-Onone";
			};
			name = Debug;
		};
		FC68AFD825B4E55000DA3F40 /* Release */ = {
			isa = XCBuildConfiguration;
			buildSettings = {
				ALWAYS_SEARCH_USER_PATHS = NO;
				CLANG_ANALYZER_NONNULL = YES;
				CLANG_ANALYZER_NUMBER_OBJECT_CONVERSION = YES_AGGRESSIVE;
				CLANG_CXX_LANGUAGE_STANDARD = "gnu++14";
				CLANG_CXX_LIBRARY = "libc++";
				CLANG_ENABLE_MODULES = YES;
				CLANG_ENABLE_OBJC_ARC = YES;
				CLANG_ENABLE_OBJC_WEAK = YES;
				CLANG_WARN_BLOCK_CAPTURE_AUTORELEASING = YES;
				CLANG_WARN_BOOL_CONVERSION = YES;
				CLANG_WARN_COMMA = YES;
				CLANG_WARN_CONSTANT_CONVERSION = YES;
				CLANG_WARN_DEPRECATED_OBJC_IMPLEMENTATIONS = YES;
				CLANG_WARN_DIRECT_OBJC_ISA_USAGE = YES_ERROR;
				CLANG_WARN_DOCUMENTATION_COMMENTS = YES;
				CLANG_WARN_EMPTY_BODY = YES;
				CLANG_WARN_ENUM_CONVERSION = YES;
				CLANG_WARN_INFINITE_RECURSION = YES;
				CLANG_WARN_INT_CONVERSION = YES;
				CLANG_WARN_NON_LITERAL_NULL_CONVERSION = YES;
				CLANG_WARN_OBJC_IMPLICIT_RETAIN_SELF = YES;
				CLANG_WARN_OBJC_LITERAL_CONVERSION = YES;
				CLANG_WARN_OBJC_ROOT_CLASS = YES_ERROR;
				CLANG_WARN_QUOTED_INCLUDE_IN_FRAMEWORK_HEADER = YES;
				CLANG_WARN_RANGE_LOOP_ANALYSIS = YES;
				CLANG_WARN_STRICT_PROTOTYPES = YES;
				CLANG_WARN_SUSPICIOUS_MOVE = YES;
				CLANG_WARN_UNGUARDED_AVAILABILITY = YES_AGGRESSIVE;
				CLANG_WARN_UNREACHABLE_CODE = YES;
				CLANG_WARN__DUPLICATE_METHOD_MATCH = YES;
				COPY_PHASE_STRIP = NO;
				DEBUG_INFORMATION_FORMAT = "dwarf-with-dsym";
				ENABLE_NS_ASSERTIONS = NO;
				ENABLE_STRICT_OBJC_MSGSEND = YES;
				GCC_C_LANGUAGE_STANDARD = gnu11;
				GCC_NO_COMMON_BLOCKS = YES;
				GCC_WARN_64_TO_32_BIT_CONVERSION = YES;
				GCC_WARN_ABOUT_RETURN_TYPE = YES_ERROR;
				GCC_WARN_UNDECLARED_SELECTOR = YES;
				GCC_WARN_UNINITIALIZED_AUTOS = YES_AGGRESSIVE;
				GCC_WARN_UNUSED_FUNCTION = YES;
				GCC_WARN_UNUSED_VARIABLE = YES;
				IPHONEOS_DEPLOYMENT_TARGET = 14.3;
				MTL_ENABLE_DEBUG_INFO = NO;
				MTL_FAST_MATH = YES;
				SDKROOT = iphoneos;
				SWIFT_COMPILATION_MODE = wholemodule;
				SWIFT_OPTIMIZATION_LEVEL = "-O";
				VALIDATE_PRODUCT = YES;
			};
			name = Release;
		};
		FC68AFDA25B4E55000DA3F40 /* Debug */ = {
			isa = XCBuildConfiguration;
			baseConfigurationReference = D91D558CEDD90E3B7D819353 /* Pods-Filmes-MVVM.debug.xcconfig */;
			buildSettings = {
				ASSETCATALOG_COMPILER_APPICON_NAME = AppIcon;
				ASSETCATALOG_COMPILER_GLOBAL_ACCENT_COLOR_NAME = AccentColor;
				CODE_SIGN_STYLE = Automatic;
				INFOPLIST_FILE = "Filmes-MVVM/Application/Info.plist";
				LD_RUNPATH_SEARCH_PATHS = (
					"$(inherited)",
					"@executable_path/Frameworks",
				);
				PRODUCT_BUNDLE_IDENTIFIER = "br.com.alura.Filmes-MVVM";
				PRODUCT_NAME = "$(TARGET_NAME)";
				SWIFT_VERSION = 5.0;
				TARGETED_DEVICE_FAMILY = "1,2";
			};
			name = Debug;
		};
		FC68AFDB25B4E55000DA3F40 /* Release */ = {
			isa = XCBuildConfiguration;
			baseConfigurationReference = 1083590D3C652D6BC47FA38B /* Pods-Filmes-MVVM.release.xcconfig */;
			buildSettings = {
				ASSETCATALOG_COMPILER_APPICON_NAME = AppIcon;
				ASSETCATALOG_COMPILER_GLOBAL_ACCENT_COLOR_NAME = AccentColor;
				CODE_SIGN_STYLE = Automatic;
				INFOPLIST_FILE = "Filmes-MVVM/Application/Info.plist";
				LD_RUNPATH_SEARCH_PATHS = (
					"$(inherited)",
					"@executable_path/Frameworks",
				);
				PRODUCT_BUNDLE_IDENTIFIER = "br.com.alura.Filmes-MVVM";
				PRODUCT_NAME = "$(TARGET_NAME)";
				SWIFT_VERSION = 5.0;
				TARGETED_DEVICE_FAMILY = "1,2";
			};
			name = Release;
		};
/* End XCBuildConfiguration section */

/* Begin XCConfigurationList section */
		FC68AFC025B4E54B00DA3F40 /* Build configuration list for PBXProject "Filmes-MVVM" */ = {
			isa = XCConfigurationList;
			buildConfigurations = (
				FC68AFD725B4E55000DA3F40 /* Debug */,
				FC68AFD825B4E55000DA3F40 /* Release */,
			);
			defaultConfigurationIsVisible = 0;
			defaultConfigurationName = Release;
		};
		FC68AFD925B4E55000DA3F40 /* Build configuration list for PBXNativeTarget "Filmes-MVVM" */ = {
			isa = XCConfigurationList;
			buildConfigurations = (
				FC68AFDA25B4E55000DA3F40 /* Debug */,
				FC68AFDB25B4E55000DA3F40 /* Release */,
			);
			defaultConfigurationIsVisible = 0;
			defaultConfigurationName = Release;
		};
/* End XCConfigurationList section */
	};
	rootObject = FC68AFBD25B4E54B00DA3F40 /* Project object */;
}
