PODS:
  - Alamofire (5.0.5)
  - SwiftLint (0.42.0)

DEPENDENCIES:
  - Alamofire (~> 5.0.0-rc.2)
  - SwiftLint

SPEC REPOS:
  trunk:
    - Alamofire
    - SwiftLint

SPEC CHECKSUMS:
  Alamofire: df2f8f826963b08b9a870791ad48e07a10090b2e
  SwiftLint: 4fa9579c63416865179bc416f0a92d55f009600d

PODFILE CHECKSUM: cee769f7ef8c588eeef7b00c3b84633a51479950

COCOAPODS: 1.10.1
